
Microsoft Visual Studio Solution File, Format Version 12.00
# Visual Studio 15
VisualStudioVersion = 15.0.26403.7
MinimumVisualStudioVersion = 10.0.40219.1
Project("{2150E333-8FDC-42A3-9474-1A3956D46DE8}") = "src", "src", "{BD6DE30D-E414-407C-98F7-41FDBF499264}"
EndProject
Project("{FAE04EC0-301F-11D3-BF4B-00C04F79EFBC}") = "TelerikAspNetCoreApp1", "src\TelerikAspNetCoreApp1\TelerikAspNetCoreApp1.csproj", "{6DFE0E57-205A-4574-BBF6-AD40E85CB4EA}"
EndProject
Project("{2150E333-8FDC-42A3-9474-1A3956D46DE8}") = "Solution Items", "Solution Items", "{14E93B67-A64B-4E80-9C94-4911F3DF899A}"
	ProjectSection(SolutionItems) = preProject
		global.json = global.json
	EndProjectSection
EndProject
Global
	GlobalSection(SolutionConfigurationPlatforms) = preSolution
		Debug|Any CPU = Debug|Any CPU
		Release|Any CPU = Release|Any CPU
	EndGlobalSection
	GlobalSection(ProjectConfigurationPlatforms) = postSolution
		{6DFE0E57-205A-4574-BBF6-AD40E85CB4EA}.Debug|Any CPU.ActiveCfg = Debug|Any CPU
		{6DFE0E57-205A-4574-BBF6-AD40E85CB4EA}.Debug|Any CPU.Build.0 = Debug|Any CPU
		{6DFE0E57-205A-4574-BBF6-AD40E85CB4EA}.Release|Any CPU.ActiveCfg = Release|Any CPU
		{6DFE0E57-205A-4574-BBF6-AD40E85CB4EA}.Release|Any CPU.Build.0 = Release|Any CPU
	EndGlobalSection
	GlobalSection(SolutionProperties) = preSolution
		HideSolutionNode = FALSE
	EndGlobalSection
	GlobalSection(NestedProjects) = preSolution
		{6DFE0E57-205A-4574-BBF6-AD40E85CB4EA} = {BD6DE30D-E414-407C-98F7-41FDBF499264}
	EndGlobalSection
EndGlobal
